
Microsoft Visual Studio Solution File, Format Version 12.00
# Visual Studio Version 17
VisualStudioVersion = 17.0.31903.59
MinimumVisualStudioVersion = 10.0.40219.1
Project("{2150E333-8FDC-42A3-9474-1A3956D46DE8}") = "src", "src", "{827E0CD3-B72D-47B6-A68D-7590B98EB39B}"
EndProject
Project("{FAE04EC0-301F-11D3-BF4B-00C04F79EFBC}") = "PromptSaver.Domain", "src\PromptSaver.Domain\PromptSaver.Domain.csproj", "{24A840CC-8F52-4ED3-AF97-FB6BE0A3C16E}"
EndProject
Project("{FAE04EC0-301F-11D3-BF4B-00C04F79EFBC}") = "PromptSaver.Application", "src\PromptSaver.Application\PromptSaver.Application.csproj", "{7AE7D2BA-F1FE-48D0-870B-606DE529AAA7}"
EndProject
Project("{FAE04EC0-301F-11D3-BF4B-00C04F79EFBC}") = "PromptSaver.Infrastructure", "src\PromptSaver.Infrastructure\PromptSaver.Infrastructure.csproj", "{F1622C76-13E2-4C3E-B0C7-4A0785B6053A}"
EndProject
Project("{FAE04EC0-301F-11D3-BF4B-00C04F79EFBC}") = "PromptSaver.Desktop", "src\PromptSaver.Desktop\PromptSaver.Desktop.csproj", "{0D5E0F05-DEB9-43F4-BEDB-49DC4BDCE2E3}"
EndProject
Project("{2150E333-8FDC-42A3-9474-1A3956D46DE8}") = "tests", "tests", "{0AB3BF05-4346-4AA6-1389-037BE0695223}"
EndProject
Project("{FAE04EC0-301F-11D3-BF4B-00C04F79EFBC}") = "PromptSaver.Domain.Tests", "tests\PromptSaver.Domain.Tests\PromptSaver.Domain.Tests.csproj", "{5CE541F6-5A93-499F-BA15-BE3B2ED4FC44}"
EndProject
Project("{FAE04EC0-301F-11D3-BF4B-00C04F79EFBC}") = "PromptSaver.Application.Tests", "tests\PromptSaver.Application.Tests\PromptSaver.Application.Tests.csproj", "{0E13F0F8-2205-4A36-8529-94CE349ACFA3}"
EndProject
Project("{FAE04EC0-301F-11D3-BF4B-00C04F79EFBC}") = "PromptSaver.Infrastructure.Tests", "tests\PromptSaver.Infrastructure.Tests\PromptSaver.Infrastructure.Tests.csproj", "{0753C508-3657-4220-A7D9-785DC59313CD}"
EndProject
Project("{FAE04EC0-301F-11D3-BF4B-00C04F79EFBC}") = "PromptSaver.Desktop.Tests", "tests\PromptSaver.Desktop.Tests\PromptSaver.Desktop.Tests.csproj", "{8428D706-FB19-431A-BD35-D11FEA9A8DC8}"
EndProject
Project("{FAE04EC0-301F-11D3-BF4B-00C04F79EFBC}") = "PromptSaver.UiAutomation.Tests", "tests\PromptSaver.UiAutomation.Tests\PromptSaver.UiAutomation.Tests.csproj", "{10EC9CCF-D019-40D3-9BEB-05768AE77503}"
EndProject
Project("{FAE04EC0-301F-11D3-BF4B-00C04F79EFBC}") = "PromptSaver.Package.Tests", "tests\PromptSaver.Package.Tests\PromptSaver.Package.Tests.csproj", "{6AC9BEA1-9EB0-4F95-BFB3-CD10F97E6D9A}"
EndProject
Project("{FAE04EC0-301F-11D3-BF4B-00C04F79EFBC}") = "PromptSaver.Performance.Tests", "tests\PromptSaver.Performance.Tests\PromptSaver.Performance.Tests.csproj", "{D2F901EE-9500-4383-8586-00E04F088D44}"
EndProject
Global
	GlobalSection(SolutionConfigurationPlatforms) = preSolution
		Debug|Any CPU = Debug|Any CPU
		Debug|x64 = Debug|x64
		Debug|x86 = Debug|x86
		Release|Any CPU = Release|Any CPU
		Release|x64 = Release|x64
		Release|x86 = Release|x86
	EndGlobalSection
	GlobalSection(ProjectConfigurationPlatforms) = postSolution
		{24A840CC-8F52-4ED3-AF97-FB6BE0A3C16E}.Debug|Any CPU.ActiveCfg = Debug|Any CPU
		{24A840CC-8F52-4ED3-AF97-FB6BE0A3C16E}.Debug|Any CPU.Build.0 = Debug|Any CPU
		{24A840CC-8F52-4ED3-AF97-FB6BE0A3C16E}.Debug|x64.ActiveCfg = Debug|Any CPU
		{24A840CC-8F52-4ED3-AF97-FB6BE0A3C16E}.Debug|x64.Build.0 = Debug|Any CPU
		{24A840CC-8F52-4ED3-AF97-FB6BE0A3C16E}.Debug|x86.ActiveCfg = Debug|Any CPU
		{24A840CC-8F52-4ED3-AF97-FB6BE0A3C16E}.Debug|x86.Build.0 = Debug|Any CPU
		{24A840CC-8F52-4ED3-AF97-FB6BE0A3C16E}.Release|Any CPU.ActiveCfg = Release|Any CPU
		{24A840CC-8F52-4ED3-AF97-FB6BE0A3C16E}.Release|Any CPU.Build.0 = Release|Any CPU
		{24A840CC-8F52-4ED3-AF97-FB6BE0A3C16E}.Release|x64.ActiveCfg = Release|Any CPU
		{24A840CC-8F52-4ED3-AF97-FB6BE0A3C16E}.Release|x64.Build.0 = Release|Any CPU
		{24A840CC-8F52-4ED3-AF97-FB6BE0A3C16E}.Release|x86.ActiveCfg = Release|Any CPU
		{24A840CC-8F52-4ED3-AF97-FB6BE0A3C16E}.Release|x86.Build.0 = Release|Any CPU
		{7AE7D2BA-F1FE-48D0-870B-606DE529AAA7}.Debug|Any CPU.ActiveCfg = Debug|Any CPU
		{7AE7D2BA-F1FE-48D0-870B-606DE529AAA7}.Debug|Any CPU.Build.0 = Debug|Any CPU
		{7AE7D2BA-F1FE-48D0-870B-606DE529AAA7}.Debug|x64.ActiveCfg = Debug|Any CPU
		{7AE7D2BA-F1FE-48D0-870B-606DE529AAA7}.Debug|x64.Build.0 = Debug|Any CPU
		{7AE7D2BA-F1FE-48D0-870B-606DE529AAA7}.Debug|x86.ActiveCfg = Debug|Any CPU
		{7AE7D2BA-F1FE-48D0-870B-606DE529AAA7}.Debug|x86.Build.0 = Debug|Any CPU
		{7AE7D2BA-F1FE-48D0-870B-606DE529AAA7}.Release|Any CPU.ActiveCfg = Release|Any CPU
		{7AE7D2BA-F1FE-48D0-870B-606DE529AAA7}.Release|Any CPU.Build.0 = Release|Any CPU
		{7AE7D2BA-F1FE-48D0-870B-606DE529AAA7}.Release|x64.ActiveCfg = Release|Any CPU
		{7AE7D2BA-F1FE-48D0-870B-606DE529AAA7}.Release|x64.Build.0 = Release|Any CPU
		{7AE7D2BA-F1FE-48D0-870B-606DE529AAA7}.Release|x86.ActiveCfg = Release|Any CPU
		{7AE7D2BA-F1FE-48D0-870B-606DE529AAA7}.Release|x86.Build.0 = Release|Any CPU
		{F1622C76-13E2-4C3E-B0C7-4A0785B6053A}.Debug|Any CPU.ActiveCfg = Debug|Any CPU
		{F1622C76-13E2-4C3E-B0C7-4A0785B6053A}.Debug|Any CPU.Build.0 = Debug|Any CPU
		{F1622C76-13E2-4C3E-B0C7-4A0785B6053A}.Debug|x64.ActiveCfg = Debug|Any CPU
		{F1622C76-13E2-4C3E-B0C7-4A0785B6053A}.Debug|x64.Build.0 = Debug|Any CPU
		{F1622C76-13E2-4C3E-B0C7-4A0785B6053A}.Debug|x86.ActiveCfg = Debug|Any CPU
		{F1622C76-13E2-4C3E-B0C7-4A0785B6053A}.Debug|x86.Build.0 = Debug|Any CPU
		{F1622C76-13E2-4C3E-B0C7-4A0785B6053A}.Release|Any CPU.ActiveCfg = Release|Any CPU
		{F1622C76-13E2-4C3E-B0C7-4A0785B6053A}.Release|Any CPU.Build.0 = Release|Any CPU
		{F1622C76-13E2-4C3E-B0C7-4A0785B6053A}.Release|x64.ActiveCfg = Release|Any CPU
		{F1622C76-13E2-4C3E-B0C7-4A0785B6053A}.Release|x64.Build.0 = Release|Any CPU
		{F1622C76-13E2-4C3E-B0C7-4A0785B6053A}.Release|x86.ActiveCfg = Release|Any CPU
		{F1622C76-13E2-4C3E-B0C7-4A0785B6053A}.Release|x86.Build.0 = Release|Any CPU
		{0D5E0F05-DEB9-43F4-BEDB-49DC4BDCE2E3}.Debug|Any CPU.ActiveCfg = Debug|Any CPU
		{0D5E0F05-DEB9-43F4-BEDB-49DC4BDCE2E3}.Debug|Any CPU.Build.0 = Debug|Any CPU
		{0D5E0F05-DEB9-43F4-BEDB-49DC4BDCE2E3}.Debug|x64.ActiveCfg = Debug|Any CPU
		{0D5E0F05-DEB9-43F4-BEDB-49DC4BDCE2E3}.Debug|x64.Build.0 = Debug|Any CPU
		{0D5E0F05-DEB9-43F4-BEDB-49DC4BDCE2E3}.Debug|x86.ActiveCfg = Debug|Any CPU
		{0D5E0F05-DEB9-43F4-BEDB-49DC4BDCE2E3}.Debug|x86.Build.0 = Debug|Any CPU
		{0D5E0F05-DEB9-43F4-BEDB-49DC4BDCE2E3}.Release|Any CPU.ActiveCfg = Release|Any CPU
		{0D5E0F05-DEB9-43F4-BEDB-49DC4BDCE2E3}.Release|Any CPU.Build.0 = Release|Any CPU
		{0D5E0F05-DEB9-43F4-BEDB-49DC4BDCE2E3}.Release|x64.ActiveCfg = Release|Any CPU
		{0D5E0F05-DEB9-43F4-BEDB-49DC4BDCE2E3}.Release|x64.Build.0 = Release|Any CPU
		{0D5E0F05-DEB9-43F4-BEDB-49DC4BDCE2E3}.Release|x86.ActiveCfg = Release|Any CPU
		{0D5E0F05-DEB9-43F4-BEDB-49DC4BDCE2E3}.Release|x86.Build.0 = Release|Any CPU
		{5CE541F6-5A93-499F-BA15-BE3B2ED4FC44}.Debug|Any CPU.ActiveCfg = Debug|Any CPU
		{5CE541F6-5A93-499F-BA15-BE3B2ED4FC44}.Debug|Any CPU.Build.0 = Debug|Any CPU
		{5CE541F6-5A93-499F-BA15-BE3B2ED4FC44}.Debug|x64.ActiveCfg = Debug|Any CPU
		{5CE541F6-5A93-499F-BA15-BE3B2ED4FC44}.Debug|x64.Build.0 = Debug|Any CPU
		{5CE541F6-5A93-499F-BA15-BE3B2ED4FC44}.Debug|x86.ActiveCfg = Debug|Any CPU
		{5CE541F6-5A93-499F-BA15-BE3B2ED4FC44}.Debug|x86.Build.0 = Debug|Any CPU
		{5CE541F6-5A93-499F-BA15-BE3B2ED4FC44}.Release|Any CPU.ActiveCfg = Release|Any CPU
		{5CE541F6-5A93-499F-BA15-BE3B2ED4FC44}.Release|Any CPU.Build.0 = Release|Any CPU
		{5CE541F6-5A93-499F-BA15-BE3B2ED4FC44}.Release|x64.ActiveCfg = Release|Any CPU
		{5CE541F6-5A93-499F-BA15-BE3B2ED4FC44}.Release|x64.Build.0 = Release|Any CPU
		{5CE541F6-5A93-499F-BA15-BE3B2ED4FC44}.Release|x86.ActiveCfg = Release|Any CPU
		{5CE541F6-5A93-499F-BA15-BE3B2ED4FC44}.Release|x86.Build.0 = Release|Any CPU
		{0E13F0F8-2205-4A36-8529-94CE349ACFA3}.Debug|Any CPU.ActiveCfg = Debug|Any CPU
		{0E13F0F8-2205-4A36-8529-94CE349ACFA3}.Debug|Any CPU.Build.0 = Debug|Any CPU
		{0E13F0F8-2205-4A36-8529-94CE349ACFA3}.Debug|x64.ActiveCfg = Debug|Any CPU
		{0E13F0F8-2205-4A36-8529-94CE349ACFA3}.Debug|x64.Build.0 = Debug|Any CPU
		{0E13F0F8-2205-4A36-8529-94CE349ACFA3}.Debug|x86.ActiveCfg = Debug|Any CPU
		{0E13F0F8-2205-4A36-8529-94CE349ACFA3}.Debug|x86.Build.0 = Debug|Any CPU
		{0E13F0F8-2205-4A36-8529-94CE349ACFA3}.Release|Any CPU.ActiveCfg = Release|Any CPU
		{0E13F0F8-2205-4A36-8529-94CE349ACFA3}.Release|Any CPU.Build.0 = Release|Any CPU
		{0E13F0F8-2205-4A36-8529-94CE349ACFA3}.Release|x64.ActiveCfg = Release|Any CPU
		{0E13F0F8-2205-4A36-8529-94CE349ACFA3}.Release|x64.Build.0 = Release|Any CPU
		{0E13F0F8-2205-4A36-8529-94CE349ACFA3}.Release|x86.ActiveCfg = Release|Any CPU
		{0E13F0F8-2205-4A36-8529-94CE349ACFA3}.Release|x86.Build.0 = Release|Any CPU
		{0753C508-3657-4220-A7D9-785DC59313CD}.Debug|Any CPU.ActiveCfg = Debug|Any CPU
		{0753C508-3657-4220-A7D9-785DC59313CD}.Debug|Any CPU.Build.0 = Debug|Any CPU
		{0753C508-3657-4220-A7D9-785DC59313CD}.Debug|x64.ActiveCfg = Debug|Any CPU
		{0753C508-3657-4220-A7D9-785DC59313CD}.Debug|x64.Build.0 = Debug|Any CPU
		{0753C508-3657-4220-A7D9-785DC59313CD}.Debug|x86.ActiveCfg = Debug|Any CPU
		{0753C508-3657-4220-A7D9-785DC59313CD}.Debug|x86.Build.0 = Debug|Any CPU
		{0753C508-3657-4220-A7D9-785DC59313CD}.Release|Any CPU.ActiveCfg = Release|Any CPU
		{0753C508-3657-4220-A7D9-785DC59313CD}.Release|Any CPU.Build.0 = Release|Any CPU
		{0753C508-3657-4220-A7D9-785DC59313CD}.Release|x64.ActiveCfg = Release|Any CPU
		{0753C508-3657-4220-A7D9-785DC59313CD}.Release|x64.Build.0 = Release|Any CPU
		{0753C508-3657-4220-A7D9-785DC59313CD}.Release|x86.ActiveCfg = Release|Any CPU
		{0753C508-3657-4220-A7D9-785DC59313CD}.Release|x86.Build.0 = Release|Any CPU
		{8428D706-FB19-431A-BD35-D11FEA9A8DC8}.Debug|Any CPU.ActiveCfg = Debug|Any CPU
		{8428D706-FB19-431A-BD35-D11FEA9A8DC8}.Debug|Any CPU.Build.0 = Debug|Any CPU
		{8428D706-FB19-431A-BD35-D11FEA9A8DC8}.Debug|x64.ActiveCfg = Debug|Any CPU
		{8428D706-FB19-431A-BD35-D11FEA9A8DC8}.Debug|x64.Build.0 = Debug|Any CPU
		{8428D706-FB19-431A-BD35-D11FEA9A8DC8}.Debug|x86.ActiveCfg = Debug|Any CPU
		{8428D706-FB19-431A-BD35-D11FEA9A8DC8}.Debug|x86.Build.0 = Debug|Any CPU
		{8428D706-FB19-431A-BD35-D11FEA9A8DC8}.Release|Any CPU.ActiveCfg = Release|Any CPU
		{8428D706-FB19-431A-BD35-D11FEA9A8DC8}.Release|Any CPU.Build.0 = Release|Any CPU
		{8428D706-FB19-431A-BD35-D11FEA9A8DC8}.Release|x64.ActiveCfg = Release|Any CPU
		{8428D706-FB19-431A-BD35-D11FEA9A8DC8}.Release|x64.Build.0 = Release|Any CPU
		{8428D706-FB19-431A-BD35-D11FEA9A8DC8}.Release|x86.ActiveCfg = Release|Any CPU
		{8428D706-FB19-431A-BD35-D11FEA9A8DC8}.Release|x86.Build.0 = Release|Any CPU
		{10EC9CCF-D019-40D3-9BEB-05768AE77503}.Debug|Any CPU.ActiveCfg = Debug|Any CPU
		{10EC9CCF-D019-40D3-9BEB-05768AE77503}.Debug|Any CPU.Build.0 = Debug|Any CPU
		{10EC9CCF-D019-40D3-9BEB-05768AE77503}.Debug|x64.ActiveCfg = Debug|Any CPU
		{10EC9CCF-D019-40D3-9BEB-05768AE77503}.Debug|x64.Build.0 = Debug|Any CPU
		{10EC9CCF-D019-40D3-9BEB-05768AE77503}.Debug|x86.ActiveCfg = Debug|Any CPU
		{10EC9CCF-D019-40D3-9BEB-05768AE77503}.Debug|x86.Build.0 = Debug|Any CPU
		{10EC9CCF-D019-40D3-9BEB-05768AE77503}.Release|Any CPU.ActiveCfg = Release|Any CPU
		{10EC9CCF-D019-40D3-9BEB-05768AE77503}.Release|Any CPU.Build.0 = Release|Any CPU
		{10EC9CCF-D019-40D3-9BEB-05768AE77503}.Release|x64.ActiveCfg = Release|Any CPU
		{10EC9CCF-D019-40D3-9BEB-05768AE77503}.Release|x64.Build.0 = Release|Any CPU
		{10EC9CCF-D019-40D3-9BEB-05768AE77503}.Release|x86.ActiveCfg = Release|Any CPU
		{10EC9CCF-D019-40D3-9BEB-05768AE77503}.Release|x86.Build.0 = Release|Any CPU
		{6AC9BEA1-9EB0-4F95-BFB3-CD10F97E6D9A}.Debug|Any CPU.ActiveCfg = Debug|Any CPU
		{6AC9BEA1-9EB0-4F95-BFB3-CD10F97E6D9A}.Debug|Any CPU.Build.0 = Debug|Any CPU
		{6AC9BEA1-9EB0-4F95-BFB3-CD10F97E6D9A}.Debug|x64.ActiveCfg = Debug|Any CPU
		{6AC9BEA1-9EB0-4F95-BFB3-CD10F97E6D9A}.Debug|x64.Build.0 = Debug|Any CPU
		{6AC9BEA1-9EB0-4F95-BFB3-CD10F97E6D9A}.Debug|x86.ActiveCfg = Debug|Any CPU
		{6AC9BEA1-9EB0-4F95-BFB3-CD10F97E6D9A}.Debug|x86.Build.0 = Debug|Any CPU
		{6AC9BEA1-9EB0-4F95-BFB3-CD10F97E6D9A}.Release|Any CPU.ActiveCfg = Release|Any CPU
		{6AC9BEA1-9EB0-4F95-BFB3-CD10F97E6D9A}.Release|Any CPU.Build.0 = Release|Any CPU
		{6AC9BEA1-9EB0-4F95-BFB3-CD10F97E6D9A}.Release|x64.ActiveCfg = Release|Any CPU
		{6AC9BEA1-9EB0-4F95-BFB3-CD10F97E6D9A}.Release|x64.Build.0 = Release|Any CPU
		{6AC9BEA1-9EB0-4F95-BFB3-CD10F97E6D9A}.Release|x86.ActiveCfg = Release|Any CPU
		{6AC9BEA1-9EB0-4F95-BFB3-CD10F97E6D9A}.Release|x86.Build.0 = Release|Any CPU
		{D2F901EE-9500-4383-8586-00E04F088D44}.Debug|Any CPU.ActiveCfg = Debug|Any CPU
		{D2F901EE-9500-4383-8586-00E04F088D44}.Debug|Any CPU.Build.0 = Debug|Any CPU
		{D2F901EE-9500-4383-8586-00E04F088D44}.Debug|x64.ActiveCfg = Debug|Any CPU
		{D2F901EE-9500-4383-8586-00E04F088D44}.Debug|x64.Build.0 = Debug|Any CPU
		{D2F901EE-9500-4383-8586-00E04F088D44}.Debug|x86.ActiveCfg = Debug|Any CPU
		{D2F901EE-9500-4383-8586-00E04F088D44}.Debug|x86.Build.0 = Debug|Any CPU
		{D2F901EE-9500-4383-8586-00E04F088D44}.Release|Any CPU.ActiveCfg = Release|Any CPU
		{D2F901EE-9500-4383-8586-00E04F088D44}.Release|Any CPU.Build.0 = Release|Any CPU
		{D2F901EE-9500-4383-8586-00E04F088D44}.Release|x64.ActiveCfg = Release|Any CPU
		{D2F901EE-9500-4383-8586-00E04F088D44}.Release|x64.Build.0 = Release|Any CPU
		{D2F901EE-9500-4383-8586-00E04F088D44}.Release|x86.ActiveCfg = Release|Any CPU
		{D2F901EE-9500-4383-8586-00E04F088D44}.Release|x86.Build.0 = Release|Any CPU
	EndGlobalSection
	GlobalSection(SolutionProperties) = preSolution
		HideSolutionNode = FALSE
	EndGlobalSection
	GlobalSection(NestedProjects) = preSolution
		{24A840CC-8F52-4ED3-AF97-FB6BE0A3C16E} = {827E0CD3-B72D-47B6-A68D-7590B98EB39B}
		{7AE7D2BA-F1FE-48D0-870B-606DE529AAA7} = {827E0CD3-B72D-47B6-A68D-7590B98EB39B}
		{F1622C76-13E2-4C3E-B0C7-4A0785B6053A} = {827E0CD3-B72D-47B6-A68D-7590B98EB39B}
		{0D5E0F05-DEB9-43F4-BEDB-49DC4BDCE2E3} = {827E0CD3-B72D-47B6-A68D-7590B98EB39B}
		{5CE541F6-5A93-499F-BA15-BE3B2ED4FC44} = {0AB3BF05-4346-4AA6-1389-037BE0695223}
		{0E13F0F8-2205-4A36-8529-94CE349ACFA3} = {0AB3BF05-4346-4AA6-1389-037BE0695223}
		{0753C508-3657-4220-A7D9-785DC59313CD} = {0AB3BF05-4346-4AA6-1389-037BE0695223}
		{8428D706-FB19-431A-BD35-D11FEA9A8DC8} = {0AB3BF05-4346-4AA6-1389-037BE0695223}
		{10EC9CCF-D019-40D3-9BEB-05768AE77503} = {0AB3BF05-4346-4AA6-1389-037BE0695223}
		{6AC9BEA1-9EB0-4F95-BFB3-CD10F97E6D9A} = {0AB3BF05-4346-4AA6-1389-037BE0695223}
		{D2F901EE-9500-4383-8586-00E04F088D44} = {0AB3BF05-4346-4AA6-1389-037BE0695223}
	EndGlobalSection
EndGlobal
